
Microsoft Visual Studio Solution File, Format Version 12.00
# Visual Studio Version 17
VisualStudioVersion = 17.4.33213.308
MinimumVisualStudioVersion = 10.0.40219.1
Project("{FAE04EC0-301F-11D3-BF4B-00C04F79EFBC}") = "VerifyEmailPassword", "VerifyEmailPassword\VerifyEmailPassword.csproj", "{A7E01AF1-B28D-4818-9032-9181CC70485B}"
EndProject
Global
	GlobalSection(SolutionConfigurationPlatforms) = preSolution
		Debug|Any CPU = Debug|Any CPU
		Release|Any CPU = Release|Any CPU
	EndGlobalSection
	GlobalSection(ProjectConfigurationPlatforms) = postSolution
		{A7E01AF1-B28D-4818-9032-9181CC70485B}.Debug|Any CPU.ActiveCfg = Debug|Any CPU
		{A7E01AF1-B28D-4818-9032-9181CC70485B}.Debug|Any CPU.Build.0 = Debug|Any CPU
		{A7E01AF1-B28D-4818-9032-9181CC70485B}.Release|Any CPU.ActiveCfg = Release|Any CPU
		{A7E01AF1-B28D-4818-9032-9181CC70485B}.Release|Any CPU.Build.0 = Release|Any CPU
	EndGlobalSection
	GlobalSection(SolutionProperties) = preSolution
		HideSolutionNode = FALSE
	EndGlobalSection
	GlobalSection(ExtensibilityGlobals) = postSolution
		SolutionGuid = {059C9141-3535-4FAE-BBDF-E81B151C509E}
	EndGlobalSection
EndGlobal
